# GENERATED by tools/quartus_project.py -- do not edit.
#
# Every port but sys_clk is a VIRTUAL PIN: the machine has 386 ports
# because each cable off the backplane is one, and no DE10-Nano can pin
# that. Virtual pins let Quartus place and route the logic anyway,
# which is what gives real ALM/M10K/Fmax rather than an estimate.

set_global_assignment -name FAMILY "Cyclone V"
set_global_assignment -name DEVICE 5CSEBA6U23I7
set_global_assignment -name TOP_LEVEL_ENTITY dorado_backplane
set_global_assignment -name PROJECT_OUTPUT_DIRECTORY output_files
set_global_assignment -name SEARCH_PATH "../.."
set_global_assignment -name SDC_FILE dorado.sdc
set_global_assignment -name NUM_PARALLEL_PROCESSORS ALL
set_global_assignment -name VERILOG_INPUT_VERSION SYSTEMVERILOG_2005

set_global_assignment -name SYSTEMVERILOG_FILE ../../verilog/generated/dorado_backplane.v
set_global_assignment -name SYSTEMVERILOG_FILE ../../verilog/generated/ProcH-Rev-Ce.v
set_global_assignment -name SYSTEMVERILOG_FILE ../../verilog/generated/ProcL-Rev-Ci.v
set_global_assignment -name SYSTEMVERILOG_FILE ../../verilog/generated/ContA-Rev-Cd.v
set_global_assignment -name SYSTEMVERILOG_FILE ../../verilog/generated/ContB-Rev-Cd.v
set_global_assignment -name SYSTEMVERILOG_FILE ../../verilog/generated/IFU-Rev-Ch.v
set_global_assignment -name SYSTEMVERILOG_FILE ../../verilog/generated/MemC-Rev-Be.v
set_global_assignment -name SYSTEMVERILOG_FILE ../../verilog/generated/MemD-Rev-Ca.v
set_global_assignment -name SYSTEMVERILOG_FILE ../../verilog/generated/MemX-Rev-Ch.v
set_global_assignment -name SYSTEMVERILOG_FILE ../../verilog/generated/DskEth-Rev-Cf.v
set_global_assignment -name SYSTEMVERILOG_FILE ../../verilog/generated/DispY-Rev-Cl.v
set_global_assignment -name SYSTEMVERILOG_FILE ../../verilog/generated/BaseBd-Rev-Am.v
set_global_assignment -name SYSTEMVERILOG_FILE ../../verilog/cells/cell_ADC_MC8BC.v
set_global_assignment -name SYSTEMVERILOG_FILE ../../verilog/cells/cell_AM2615.v
set_global_assignment -name SYSTEMVERILOG_FILE ../../verilog/cells/cell_AUGATCG16.v
set_global_assignment -name SYSTEMVERILOG_FILE ../../verilog/cells/cell_CA3140.v
set_global_assignment -name SYSTEMVERILOG_FILE ../../verilog/cells/cell_CD4051.v
set_global_assignment -name SYSTEMVERILOG_FILE ../../verilog/cells/cell_CLOCKGEN.v
set_global_assignment -name SYSTEMVERILOG_FILE ../../verilog/cells/cell_DS3649.v
set_global_assignment -name SYSTEMVERILOG_FILE ../../verilog/cells/cell_F10000.v
set_global_assignment -name SYSTEMVERILOG_FILE ../../verilog/cells/cell_F10016.v
set_global_assignment -name SYSTEMVERILOG_FILE ../../verilog/cells/cell_F100181.v
set_global_assignment -name SYSTEMVERILOG_FILE ../../verilog/cells/cell_F10145A.v
set_global_assignment -name SYSTEMVERILOG_FILE ../../verilog/cells/cell_F10414.v
set_global_assignment -name SYSTEMVERILOG_FILE ../../verilog/cells/cell_F10415A.v
set_global_assignment -name SYSTEMVERILOG_FILE ../../verilog/cells/cell_F10470.v
set_global_assignment -name SYSTEMVERILOG_FILE ../../verilog/cells/cell_F9401.v
set_global_assignment -name SYSTEMVERILOG_FILE ../../verilog/cells/cell_F95016.v
set_global_assignment -name SYSTEMVERILOG_FILE ../../verilog/cells/cell_K1115A.v
set_global_assignment -name SYSTEMVERILOG_FILE ../../verilog/cells/cell_LM339.v
set_global_assignment -name SYSTEMVERILOG_FILE ../../verilog/cells/cell_LM3911_20K.v
set_global_assignment -name SYSTEMVERILOG_FILE ../../verilog/cells/cell_MB7071H.v
set_global_assignment -name SYSTEMVERILOG_FILE ../../verilog/cells/cell_MC10100.v
set_global_assignment -name SYSTEMVERILOG_FILE ../../verilog/cells/cell_MC10101.v
set_global_assignment -name SYSTEMVERILOG_FILE ../../verilog/cells/cell_MC10102.v
set_global_assignment -name SYSTEMVERILOG_FILE ../../verilog/cells/cell_MC10103.v
set_global_assignment -name SYSTEMVERILOG_FILE ../../verilog/cells/cell_MC10104.v
set_global_assignment -name SYSTEMVERILOG_FILE ../../verilog/cells/cell_MC10105.v
set_global_assignment -name SYSTEMVERILOG_FILE ../../verilog/cells/cell_MC10106.v
set_global_assignment -name SYSTEMVERILOG_FILE ../../verilog/cells/cell_MC10107.v
set_global_assignment -name SYSTEMVERILOG_FILE ../../verilog/cells/cell_MC10109.v
set_global_assignment -name SYSTEMVERILOG_FILE ../../verilog/cells/cell_MC10113.v
set_global_assignment -name SYSTEMVERILOG_FILE ../../verilog/cells/cell_MC10117.v
set_global_assignment -name SYSTEMVERILOG_FILE ../../verilog/cells/cell_MC10118.v
set_global_assignment -name SYSTEMVERILOG_FILE ../../verilog/cells/cell_MC10119.v
set_global_assignment -name SYSTEMVERILOG_FILE ../../verilog/cells/cell_MC10121.v
set_global_assignment -name SYSTEMVERILOG_FILE ../../verilog/cells/cell_MC10124.v
set_global_assignment -name SYSTEMVERILOG_FILE ../../verilog/cells/cell_MC10125.v
set_global_assignment -name SYSTEMVERILOG_FILE ../../verilog/cells/cell_MC10135.v
set_global_assignment -name SYSTEMVERILOG_FILE ../../verilog/cells/cell_MC10136.v
set_global_assignment -name SYSTEMVERILOG_FILE ../../verilog/cells/cell_MC10141.v
set_global_assignment -name SYSTEMVERILOG_FILE ../../verilog/cells/cell_MC10158.v
set_global_assignment -name SYSTEMVERILOG_FILE ../../verilog/cells/cell_MC10159.v
set_global_assignment -name SYSTEMVERILOG_FILE ../../verilog/cells/cell_MC10161.v
set_global_assignment -name SYSTEMVERILOG_FILE ../../verilog/cells/cell_MC10162.v
set_global_assignment -name SYSTEMVERILOG_FILE ../../verilog/cells/cell_MC10163.v
set_global_assignment -name SYSTEMVERILOG_FILE ../../verilog/cells/cell_MC10164.v
set_global_assignment -name SYSTEMVERILOG_FILE ../../verilog/cells/cell_MC10166.v
set_global_assignment -name SYSTEMVERILOG_FILE ../../verilog/cells/cell_MC10170.v
set_global_assignment -name SYSTEMVERILOG_FILE ../../verilog/cells/cell_MC10171.v
set_global_assignment -name SYSTEMVERILOG_FILE ../../verilog/cells/cell_MC10172.v
set_global_assignment -name SYSTEMVERILOG_FILE ../../verilog/cells/cell_MC10173.v
set_global_assignment -name SYSTEMVERILOG_FILE ../../verilog/cells/cell_MC10174.v
set_global_assignment -name SYSTEMVERILOG_FILE ../../verilog/cells/cell_MC10175.v
set_global_assignment -name SYSTEMVERILOG_FILE ../../verilog/cells/cell_MC10176.v
set_global_assignment -name SYSTEMVERILOG_FILE ../../verilog/cells/cell_MC10179.v
set_global_assignment -name SYSTEMVERILOG_FILE ../../verilog/cells/cell_MC10180.v
set_global_assignment -name SYSTEMVERILOG_FILE ../../verilog/cells/cell_MC10181.v
set_global_assignment -name SYSTEMVERILOG_FILE ../../verilog/cells/cell_MC10182.v
set_global_assignment -name SYSTEMVERILOG_FILE ../../verilog/cells/cell_MC10195.v
set_global_assignment -name SYSTEMVERILOG_FILE ../../verilog/cells/cell_MC10197.v
set_global_assignment -name SYSTEMVERILOG_FILE ../../verilog/cells/cell_MC10210.v
set_global_assignment -name SYSTEMVERILOG_FILE ../../verilog/cells/cell_MC10211.v
set_global_assignment -name SYSTEMVERILOG_FILE ../../verilog/cells/cell_MC10212.v
set_global_assignment -name SYSTEMVERILOG_FILE ../../verilog/cells/cell_MC10231.v
set_global_assignment -name SYSTEMVERILOG_FILE ../../verilog/cells/cell_MC10318.v
set_global_assignment -name SYSTEMVERILOG_FILE ../../verilog/cells/cell_MC12040.v
set_global_assignment -name SYSTEMVERILOG_FILE ../../verilog/cells/cell_MC12061.v
set_global_assignment -name SYSTEMVERILOG_FILE ../../verilog/cells/cell_MC14521B.v
set_global_assignment -name SYSTEMVERILOG_FILE ../../verilog/cells/cell_MC1648.v
set_global_assignment -name SYSTEMVERILOG_FILE ../../verilog/cells/cell_MC1650.v
set_global_assignment -name SYSTEMVERILOG_FILE ../../verilog/cells/cell_MC1660.v
set_global_assignment -name SYSTEMVERILOG_FILE ../../verilog/cells/cell_MC1662.v
set_global_assignment -name SYSTEMVERILOG_FILE ../../verilog/cells/cell_MC1664.v
set_global_assignment -name SYSTEMVERILOG_FILE ../../verilog/cells/cell_MC1668.v
set_global_assignment -name SYSTEMVERILOG_FILE ../../verilog/cells/cell_MC1672.v
set_global_assignment -name SYSTEMVERILOG_FILE ../../verilog/cells/cell_MC1674.v
set_global_assignment -name SYSTEMVERILOG_FILE ../../verilog/cells/cell_MC1690.v
set_global_assignment -name SYSTEMVERILOG_FILE ../../verilog/cells/cell_MCM10149.v
set_global_assignment -name SYSTEMVERILOG_FILE ../../verilog/cells/cell_MCS6502.v
set_global_assignment -name SYSTEMVERILOG_FILE ../../verilog/cells/cell_MCS6532.v
set_global_assignment -name SYSTEMVERILOG_FILE ../../verilog/cells/cell_MK4096P_6.v
set_global_assignment -name SYSTEMVERILOG_FILE ../../verilog/cells/cell_MPQ3303.v
set_global_assignment -name SYSTEMVERILOG_FILE ../../verilog/cells/cell_MPQ6002.v
set_global_assignment -name SYSTEMVERILOG_FILE ../../verilog/cells/cell_MU10164.v
set_global_assignment -name SYSTEMVERILOG_FILE ../../verilog/cells/cell_MosRam.v
set_global_assignment -name SYSTEMVERILOG_FILE ../../verilog/cells/cell_PLAT1816.v
set_global_assignment -name SYSTEMVERILOG_FILE ../../verilog/cells/cell_SE10210.v
set_global_assignment -name SYSTEMVERILOG_FILE ../../verilog/cells/cell_SE10211.v
set_global_assignment -name SYSTEMVERILOG_FILE ../../verilog/cells/cell_SE10212.v
set_global_assignment -name SYSTEMVERILOG_FILE ../../verilog/cells/cell_SE10231.v
set_global_assignment -name SYSTEMVERILOG_FILE ../../verilog/cells/cell_SG10139.v
set_global_assignment -name SYSTEMVERILOG_FILE ../../verilog/cells/cell_SIPpackage.v
set_global_assignment -name SYSTEMVERILOG_FILE ../../verilog/cells/cell_SN74123.v
set_global_assignment -name SYSTEMVERILOG_FILE ../../verilog/cells/cell_SN74125.v
set_global_assignment -name SYSTEMVERILOG_FILE ../../verilog/cells/cell_SN74128.v
set_global_assignment -name SYSTEMVERILOG_FILE ../../verilog/cells/cell_SN74166.v
set_global_assignment -name SYSTEMVERILOG_FILE ../../verilog/cells/cell_SN7438.v
set_global_assignment -name SYSTEMVERILOG_FILE ../../verilog/cells/cell_SN7486.v
set_global_assignment -name SYSTEMVERILOG_FILE ../../verilog/cells/cell_SN74H04.v
set_global_assignment -name SYSTEMVERILOG_FILE ../../verilog/cells/cell_SN74LS00.v
set_global_assignment -name SYSTEMVERILOG_FILE ../../verilog/cells/cell_SN74LS01.v
set_global_assignment -name SYSTEMVERILOG_FILE ../../verilog/cells/cell_SN74LS04.v
set_global_assignment -name SYSTEMVERILOG_FILE ../../verilog/cells/cell_SN74LS08.v
set_global_assignment -name SYSTEMVERILOG_FILE ../../verilog/cells/cell_SN74LS109.v
set_global_assignment -name SYSTEMVERILOG_FILE ../../verilog/cells/cell_SN74LS138.v
set_global_assignment -name SYSTEMVERILOG_FILE ../../verilog/cells/cell_SN74LS139.v
set_global_assignment -name SYSTEMVERILOG_FILE ../../verilog/cells/cell_SN74LS151.v
set_global_assignment -name SYSTEMVERILOG_FILE ../../verilog/cells/cell_SN74LS153.v
set_global_assignment -name SYSTEMVERILOG_FILE ../../verilog/cells/cell_SN74LS155.v
set_global_assignment -name SYSTEMVERILOG_FILE ../../verilog/cells/cell_SN74LS157.v
set_global_assignment -name SYSTEMVERILOG_FILE ../../verilog/cells/cell_SN74LS163.v
set_global_assignment -name SYSTEMVERILOG_FILE ../../verilog/cells/cell_SN74LS169.v
set_global_assignment -name SYSTEMVERILOG_FILE ../../verilog/cells/cell_SN74LS174.v
set_global_assignment -name SYSTEMVERILOG_FILE ../../verilog/cells/cell_SN74LS175.v
set_global_assignment -name SYSTEMVERILOG_FILE ../../verilog/cells/cell_SN74LS251.v
set_global_assignment -name SYSTEMVERILOG_FILE ../../verilog/cells/cell_SN74LS253.v
set_global_assignment -name SYSTEMVERILOG_FILE ../../verilog/cells/cell_SN74LS259.v
set_global_assignment -name SYSTEMVERILOG_FILE ../../verilog/cells/cell_SN74LS32.v
set_global_assignment -name SYSTEMVERILOG_FILE ../../verilog/cells/cell_SN74LS74.v
set_global_assignment -name SYSTEMVERILOG_FILE ../../verilog/cells/cell_SN74LS85.v
set_global_assignment -name SYSTEMVERILOG_FILE ../../verilog/cells/cell_SN74S01.v
set_global_assignment -name SYSTEMVERILOG_FILE ../../verilog/cells/cell_SN74S174.v
set_global_assignment -name SYSTEMVERILOG_FILE ../../verilog/cells/cell_SN74S288.v
set_global_assignment -name SYSTEMVERILOG_FILE ../../verilog/cells/cell_SN74S374.v
set_global_assignment -name SYSTEMVERILOG_FILE ../../verilog/cells/cell_i2125.v
set_global_assignment -name SYSTEMVERILOG_FILE ../../verilog/cells/cell_i2716.v
set_global_assignment -name SYSTEMVERILOG_FILE ../../verilog/cells/cell_p_8T98.v
set_global_assignment -name SYSTEMVERILOG_FILE ../../verilog/vendor/6502/chip_6502.v
set_global_assignment -name SYSTEMVERILOG_FILE ../../verilog/vendor/riot/M6532.sv

# ---- virtual pins ----
set_instance_assignment -name VIRTUAL_PIN ON -to n_24Bit
set_instance_assignment -name VIRTUAL_PIN ON -to A8B2
set_instance_assignment -name VIRTUAL_PIN ON -to ACPABus_0_p_
set_instance_assignment -name VIRTUAL_PIN ON -to ACPABus_1_p_
set_instance_assignment -name VIRTUAL_PIN ON -to ACPABus_2_p_
set_instance_assignment -name VIRTUAL_PIN ON -to ACPBus_0_p_
set_instance_assignment -name VIRTUAL_PIN ON -to ACPBus_1_p_
set_instance_assignment -name VIRTUAL_PIN ON -to ACPBus_2_p_
set_instance_assignment -name VIRTUAL_PIN ON -to ACPBus_3_p_
set_instance_assignment -name VIRTUAL_PIN ON -to ACPBus_4_p_
set_instance_assignment -name VIRTUAL_PIN ON -to ACPBus_5_p_
set_instance_assignment -name VIRTUAL_PIN ON -to ACPBus_6_p_
set_instance_assignment -name VIRTUAL_PIN ON -to ACPBus_7_p_
set_instance_assignment -name VIRTUAL_PIN ON -to ACPBus_8_p_
set_instance_assignment -name VIRTUAL_PIN ON -to ACPGnd_00
set_instance_assignment -name VIRTUAL_PIN ON -to ACPGnd_01
set_instance_assignment -name VIRTUAL_PIN ON -to ACPGnd_02
set_instance_assignment -name VIRTUAL_PIN ON -to ACPGnd_03
set_instance_assignment -name VIRTUAL_PIN ON -to ACPGnd_04
set_instance_assignment -name VIRTUAL_PIN ON -to ACPGnd_05
set_instance_assignment -name VIRTUAL_PIN ON -to ACPGnd_06
set_instance_assignment -name VIRTUAL_PIN ON -to ACPGnd_07
set_instance_assignment -name VIRTUAL_PIN ON -to ACPGnd_08
set_instance_assignment -name VIRTUAL_PIN ON -to ACPGnd_09
set_instance_assignment -name VIRTUAL_PIN ON -to ACPGnd_10
set_instance_assignment -name VIRTUAL_PIN ON -to ACPGnd_11
set_instance_assignment -name VIRTUAL_PIN ON -to ACPGnd_12
set_instance_assignment -name VIRTUAL_PIN ON -to ACPI_0
set_instance_assignment -name VIRTUAL_PIN ON -to ACPI_1
set_instance_assignment -name VIRTUAL_PIN ON -to ACPI_2
set_instance_assignment -name VIRTUAL_PIN ON -to ACPI_3
set_instance_assignment -name VIRTUAL_PIN ON -to ACPI_4
set_instance_assignment -name VIRTUAL_PIN ON -to ACPIGnd_0
set_instance_assignment -name VIRTUAL_PIN ON -to ACPIGnd_1
set_instance_assignment -name VIRTUAL_PIN ON -to ACPIGnd_2
set_instance_assignment -name VIRTUAL_PIN ON -to ACPIGnd_3
set_instance_assignment -name VIRTUAL_PIN ON -to ACPIGnd_4
set_instance_assignment -name VIRTUAL_PIN ON -to ACPStrb_p_
set_instance_assignment -name VIRTUAL_PIN ON -to AItem_0
set_instance_assignment -name VIRTUAL_PIN ON -to AItem_1
set_instance_assignment -name VIRTUAL_PIN ON -to AItem_2
set_instance_assignment -name VIRTUAL_PIN ON -to AItem_3
set_instance_assignment -name VIRTUAL_PIN ON -to AItem_4
set_instance_assignment -name VIRTUAL_PIN ON -to AItem_5
set_instance_assignment -name VIRTUAL_PIN ON -to AItem_6
set_instance_assignment -name VIRTUAL_PIN ON -to AItem_7
set_instance_assignment -name VIRTUAL_PIN ON -to AItemClkEn_p_b
set_instance_assignment -name VIRTUAL_PIN ON -to AOff
set_instance_assignment -name VIRTUAL_PIN ON -to AltoCSync_p_
set_instance_assignment -name VIRTUAL_PIN ON -to AltoHSync
set_instance_assignment -name VIRTUAL_PIN ON -to AltoTTLVideo
set_instance_assignment -name VIRTUAL_PIN ON -to AltoVSync_p_
set_instance_assignment -name VIRTUAL_PIN ON -to BByPass
set_instance_assignment -name VIRTUAL_PIN ON -to BItem_0
set_instance_assignment -name VIRTUAL_PIN ON -to BItem_1
set_instance_assignment -name VIRTUAL_PIN ON -to BItem_2
set_instance_assignment -name VIRTUAL_PIN ON -to BItem_3
set_instance_assignment -name VIRTUAL_PIN ON -to BItem_4
set_instance_assignment -name VIRTUAL_PIN ON -to BItem_5
set_instance_assignment -name VIRTUAL_PIN ON -to BItem_6
set_instance_assignment -name VIRTUAL_PIN ON -to BItem_7
set_instance_assignment -name VIRTUAL_PIN ON -to BItemClkEn_p_b
set_instance_assignment -name VIRTUAL_PIN ON -to BOff
set_instance_assignment -name VIRTUAL_PIN ON -to BootMC_p_
set_instance_assignment -name VIRTUAL_PIN ON -to BootNO
set_instance_assignment -name VIRTUAL_PIN ON -to CICC__m_SS
set_instance_assignment -name VIRTUAL_PIN ON -to CICC_EOS
set_instance_assignment -name VIRTUAL_PIN ON -to CIDD__m_SS
set_instance_assignment -name VIRTUAL_PIN ON -to CIDD_EOS
set_instance_assignment -name VIRTUAL_PIN ON -to CIEE__m_SS
set_instance_assignment -name VIRTUAL_PIN ON -to CIEE_EOS
set_instance_assignment -name VIRTUAL_PIN ON -to CITT__pl_SS
set_instance_assignment -name VIRTUAL_PIN ON -to CITT_EOS
set_instance_assignment -name VIRTUAL_PIN ON -to CLK_InBase
set_instance_assignment -name VIRTUAL_PIN ON -to CLK_OutBase_p_
set_instance_assignment -name VIRTUAL_PIN ON -to CLK_io20_p_
set_instance_assignment -name VIRTUAL_PIN ON -to CLK_io21_p_
set_instance_assignment -name VIRTUAL_PIN ON -to CLK_io22_p_
set_instance_assignment -name VIRTUAL_PIN ON -to CLK_io23_p_
set_instance_assignment -name VIRTUAL_PIN ON -to CLK_io24_p_
set_instance_assignment -name VIRTUAL_PIN ON -to CLK_ms0Even_p_
set_instance_assignment -name VIRTUAL_PIN ON -to CLK_ms0Odd_p_
set_instance_assignment -name VIRTUAL_PIN ON -to CLK_ms1Even_p_
set_instance_assignment -name VIRTUAL_PIN ON -to CLK_ms1Odd_p_
set_instance_assignment -name VIRTUAL_PIN ON -to CLK_ms2Even_p_
set_instance_assignment -name VIRTUAL_PIN ON -to CLK_ms2Odd_p_
set_instance_assignment -name VIRTUAL_PIN ON -to CLK_ms3Even_p_
set_instance_assignment -name VIRTUAL_PIN ON -to CLK_ms3Odd_p_
set_instance_assignment -name VIRTUAL_PIN ON -to ChipsAre256_s_16K
set_instance_assignment -name VIRTUAL_PIN ON -to ChipsAre64K
set_instance_assignment -name VIRTUAL_PIN ON -to ClkEnable_p_a
set_instance_assignment -name VIRTUAL_PIN ON -to ClockM0
set_instance_assignment -name VIRTUAL_PIN ON -to ClockM1
set_instance_assignment -name VIRTUAL_PIN ON -to ClockM2
set_instance_assignment -name VIRTUAL_PIN ON -to ClockM3
set_instance_assignment -name VIRTUAL_PIN ON -to ClockP0
set_instance_assignment -name VIRTUAL_PIN ON -to ClockP1
set_instance_assignment -name VIRTUAL_PIN ON -to ClockP2
set_instance_assignment -name VIRTUAL_PIN ON -to ClockP3
set_instance_assignment -name VIRTUAL_PIN ON -to Collision
set_instance_assignment -name VIRTUAL_PIN ON -to ContTag_p_
set_instance_assignment -name VIRTUAL_PIN ON -to CrryEvCntA
set_instance_assignment -name VIRTUAL_PIN ON -to Crystal
set_instance_assignment -name VIRTUAL_PIN ON -to CursorData
set_instance_assignment -name VIRTUAL_PIN ON -to CylinderTag_p_
set_instance_assignment -name VIRTUAL_PIN ON -to DataM0
set_instance_assignment -name VIRTUAL_PIN ON -to DataM1
set_instance_assignment -name VIRTUAL_PIN ON -to DataM2
set_instance_assignment -name VIRTUAL_PIN ON -to DataM3
set_instance_assignment -name VIRTUAL_PIN ON -to DataP0
set_instance_assignment -name VIRTUAL_PIN ON -to DataP1
set_instance_assignment -name VIRTUAL_PIN ON -to DataP2
set_instance_assignment -name VIRTUAL_PIN ON -to DataP3
set_instance_assignment -name VIRTUAL_PIN ON -to DcomingForCt_p_
set_instance_assignment -name VIRTUAL_PIN ON -to DiskOnRet
set_instance_assignment -name VIRTUAL_PIN ON -to DriveTag_p_
set_instance_assignment -name VIRTUAL_PIN ON -to EcDcomingForCt_p_
set_instance_assignment -name VIRTUAL_PIN ON -to EcIn_0
set_instance_assignment -name VIRTUAL_PIN ON -to EcIn_1
set_instance_assignment -name VIRTUAL_PIN ON -to EcOut_0
set_instance_assignment -name VIRTUAL_PIN ON -to EcOut_1
set_instance_assignment -name VIRTUAL_PIN ON -to EcOut_2
set_instance_assignment -name VIRTUAL_PIN ON -to EcOut_3
set_instance_assignment -name VIRTUAL_PIN ON -to EcOut_4
set_instance_assignment -name VIRTUAL_PIN ON -to EcOut_5
set_instance_assignment -name VIRTUAL_PIN ON -to EcOut_6
set_instance_assignment -name VIRTUAL_PIN ON -to EcOut_7_p_
set_instance_assignment -name VIRTUAL_PIN ON -to EventA
set_instance_assignment -name VIRTUAL_PIN ON -to EventB
set_instance_assignment -name VIRTUAL_PIN ON -to EventC
set_instance_assignment -name VIRTUAL_PIN ON -to EventD
set_instance_assignment -name VIRTUAL_PIN ON -to EventE
set_instance_assignment -name VIRTUAL_PIN ON -to ExtHoldReq
set_instance_assignment -name VIRTUAL_PIN ON -to FA_eq_0_p_
set_instance_assignment -name VIRTUAL_PIN ON -to FF_eq_030
set_instance_assignment -name VIRTUAL_PIN ON -to Fin_00
set_instance_assignment -name VIRTUAL_PIN ON -to Fin_01
set_instance_assignment -name VIRTUAL_PIN ON -to Fin_02
set_instance_assignment -name VIRTUAL_PIN ON -to Fin_03
set_instance_assignment -name VIRTUAL_PIN ON -to Fin_04
set_instance_assignment -name VIRTUAL_PIN ON -to Fin_05
set_instance_assignment -name VIRTUAL_PIN ON -to Fin_06
set_instance_assignment -name VIRTUAL_PIN ON -to Fin_07
set_instance_assignment -name VIRTUAL_PIN ON -to Fin_08
set_instance_assignment -name VIRTUAL_PIN ON -to Fin_09
set_instance_assignment -name VIRTUAL_PIN ON -to Fin_10
set_instance_assignment -name VIRTUAL_PIN ON -to Fin_11
set_instance_assignment -name VIRTUAL_PIN ON -to Fin_12
set_instance_assignment -name VIRTUAL_PIN ON -to Fin_13
set_instance_assignment -name VIRTUAL_PIN ON -to Fin_14
set_instance_assignment -name VIRTUAL_PIN ON -to Fin_15
set_instance_assignment -name VIRTUAL_PIN ON -to Fin_16
set_instance_assignment -name VIRTUAL_PIN ON -to Fin_17
set_instance_assignment -name VIRTUAL_PIN ON -to FinNext
set_instance_assignment -name VIRTUAL_PIN ON -to FinSubtask_0
set_instance_assignment -name VIRTUAL_PIN ON -to FinSubtask_1
set_instance_assignment -name VIRTUAL_PIN ON -to FinTask_0
set_instance_assignment -name VIRTUAL_PIN ON -to FinTask_1
set_instance_assignment -name VIRTUAL_PIN ON -to FinTask_2
set_instance_assignment -name VIRTUAL_PIN ON -to FinTask_3
set_instance_assignment -name VIRTUAL_PIN ON -to Fout_16
set_instance_assignment -name VIRTUAL_PIN ON -to Fout_17
set_instance_assignment -name VIRTUAL_PIN ON -to Fout_flt
set_instance_assignment -name VIRTUAL_PIN ON -to FoutSubtask_1
set_instance_assignment -name VIRTUAL_PIN ON -to GNDFour
set_instance_assignment -name VIRTUAL_PIN ON -to GenIn_00
set_instance_assignment -name VIRTUAL_PIN ON -to GenIn_01
set_instance_assignment -name VIRTUAL_PIN ON -to GenIn_02
set_instance_assignment -name VIRTUAL_PIN ON -to GenIn_03
set_instance_assignment -name VIRTUAL_PIN ON -to GenIn_04
set_instance_assignment -name VIRTUAL_PIN ON -to GenIn_05
set_instance_assignment -name VIRTUAL_PIN ON -to GenIn_06
set_instance_assignment -name VIRTUAL_PIN ON -to GenIn_07
set_instance_assignment -name VIRTUAL_PIN ON -to GenIn_08
set_instance_assignment -name VIRTUAL_PIN ON -to GenIn_09
set_instance_assignment -name VIRTUAL_PIN ON -to GenIn_10
set_instance_assignment -name VIRTUAL_PIN ON -to GenIn_11
set_instance_assignment -name VIRTUAL_PIN ON -to GenIn_12
set_instance_assignment -name VIRTUAL_PIN ON -to GenIn_13
set_instance_assignment -name VIRTUAL_PIN ON -to GenIn_14
set_instance_assignment -name VIRTUAL_PIN ON -to GenIn_15
set_instance_assignment -name VIRTUAL_PIN ON -to GenOut_00
set_instance_assignment -name VIRTUAL_PIN ON -to GenOut_01
set_instance_assignment -name VIRTUAL_PIN ON -to GenOut_02
set_instance_assignment -name VIRTUAL_PIN ON -to GenOut_03
set_instance_assignment -name VIRTUAL_PIN ON -to GenOut_04
set_instance_assignment -name VIRTUAL_PIN ON -to GenOut_05
set_instance_assignment -name VIRTUAL_PIN ON -to GenOut_06
set_instance_assignment -name VIRTUAL_PIN ON -to GenOut_07
set_instance_assignment -name VIRTUAL_PIN ON -to GenOut_08
set_instance_assignment -name VIRTUAL_PIN ON -to GenOut_09
set_instance_assignment -name VIRTUAL_PIN ON -to GenOut_10
set_instance_assignment -name VIRTUAL_PIN ON -to GenOut_11
set_instance_assignment -name VIRTUAL_PIN ON -to GenOut_12
set_instance_assignment -name VIRTUAL_PIN ON -to GenOut_13
set_instance_assignment -name VIRTUAL_PIN ON -to GenOut_14
set_instance_assignment -name VIRTUAL_PIN ON -to GenOut_15
set_instance_assignment -name VIRTUAL_PIN ON -to HBlank
set_instance_assignment -name VIRTUAL_PIN ON -to HSync
set_instance_assignment -name VIRTUAL_PIN ON -to HalfLine
set_instance_assignment -name VIRTUAL_PIN ON -to HeadTag_p_
set_instance_assignment -name VIRTUAL_PIN ON -to Host_0
set_instance_assignment -name VIRTUAL_PIN ON -to Host_1
set_instance_assignment -name VIRTUAL_PIN ON -to Host_2
set_instance_assignment -name VIRTUAL_PIN ON -to Host_3
set_instance_assignment -name VIRTUAL_PIN ON -to Host_4
set_instance_assignment -name VIRTUAL_PIN ON -to Host_5
set_instance_assignment -name VIRTUAL_PIN ON -to Host_6
set_instance_assignment -name VIRTUAL_PIN ON -to Host_7
set_instance_assignment -name VIRTUAL_PIN ON -to IMLHPE_p_
set_instance_assignment -name VIRTUAL_PIN ON -to IMLHPEDly
set_instance_assignment -name VIRTUAL_PIN ON -to IMRHPEDly
set_instance_assignment -name VIRTUAL_PIN ON -to IOIn_p_
set_instance_assignment -name VIRTUAL_PIN ON -to IOOut_p_
set_instance_assignment -name VIRTUAL_PIN ON -to IOut_m_
set_instance_assignment -name VIRTUAL_PIN ON -to IfuAWantsDifHit_p_
set_instance_assignment -name VIRTUAL_PIN ON -to IfuStartMap_p_
set_instance_assignment -name VIRTUAL_PIN ON -to JamVBlank
set_instance_assignment -name VIRTUAL_PIN ON -to JunkTW
set_instance_assignment -name VIRTUAL_PIN ON -to LEDOnRet
set_instance_assignment -name VIRTUAL_PIN ON -to LScopeFH
set_instance_assignment -name VIRTUAL_PIN ON -to LargeHold
set_instance_assignment -name VIRTUAL_PIN ON -to LoadEcOut_p_
set_instance_assignment -name VIRTUAL_PIN ON -to LoadSinE
set_instance_assignment -name VIRTUAL_PIN ON -to LoadSinO
set_instance_assignment -name VIRTUAL_PIN ON -to LoadSoutE_p_
set_instance_assignment -name VIRTUAL_PIN ON -to LoadSoutO_p_
set_instance_assignment -name VIRTUAL_PIN ON -to M0
set_instance_assignment -name VIRTUAL_PIN ON -to M1
set_instance_assignment -name VIRTUAL_PIN ON -to M2
set_instance_assignment -name VIRTUAL_PIN ON -to M3
set_instance_assignment -name VIRTUAL_PIN ON -to MemAd_0
set_instance_assignment -name VIRTUAL_PIN ON -to MemAd_1
set_instance_assignment -name VIRTUAL_PIN ON -to MemAd_2
set_instance_assignment -name VIRTUAL_PIN ON -to MemAd_3
set_instance_assignment -name VIRTUAL_PIN ON -to MemAd_4
set_instance_assignment -name VIRTUAL_PIN ON -to MemCASa
set_instance_assignment -name VIRTUAL_PIN ON -to MemCASb
set_instance_assignment -name VIRTUAL_PIN ON -to MemClkEn_p_a
set_instance_assignment -name VIRTUAL_PIN ON -to MemClkEnable_p_b
set_instance_assignment -name VIRTUAL_PIN ON -to MemClkEnable_p_c
set_instance_assignment -name VIRTUAL_PIN ON -to MemRASa
set_instance_assignment -name VIRTUAL_PIN ON -to MemRASb
set_instance_assignment -name VIRTUAL_PIN ON -to MemWEa
set_instance_assignment -name VIRTUAL_PIN ON -to MemWEb
set_instance_assignment -name VIRTUAL_PIN ON -to Mod0SinEn_p_
set_instance_assignment -name VIRTUAL_PIN ON -to Mod0StrEn_p_
set_instance_assignment -name VIRTUAL_PIN ON -to Mod1SinEn_p_
set_instance_assignment -name VIRTUAL_PIN ON -to Mod1StrEn_p_
set_instance_assignment -name VIRTUAL_PIN ON -to Mod2SinEn_p_
set_instance_assignment -name VIRTUAL_PIN ON -to Mod2StrEn_p_
set_instance_assignment -name VIRTUAL_PIN ON -to Mod3SinEn_p_
set_instance_assignment -name VIRTUAL_PIN ON -to Mod3StrEn_p_
set_instance_assignment -name VIRTUAL_PIN ON -to OISClkA
set_instance_assignment -name VIRTUAL_PIN ON -to OISClkA_p_
set_instance_assignment -name VIRTUAL_PIN ON -to OISClkB
set_instance_assignment -name VIRTUAL_PIN ON -to OISClkB_p_
set_instance_assignment -name VIRTUAL_PIN ON -to OISData
set_instance_assignment -name VIRTUAL_PIN ON -to OISData_p_
set_instance_assignment -name VIRTUAL_PIN ON -to OISData_0
set_instance_assignment -name VIRTUAL_PIN ON -to OISData_0_p_
set_instance_assignment -name VIRTUAL_PIN ON -to OISData_1
set_instance_assignment -name VIRTUAL_PIN ON -to OISData_1_p_
set_instance_assignment -name VIRTUAL_PIN ON -to OISData_2
set_instance_assignment -name VIRTUAL_PIN ON -to OISData_2_p_
set_instance_assignment -name VIRTUAL_PIN ON -to OISData_3
set_instance_assignment -name VIRTUAL_PIN ON -to OISData_3_p_
set_instance_assignment -name VIRTUAL_PIN ON -to OKToSelect
set_instance_assignment -name VIRTUAL_PIN ON -to OS0
set_instance_assignment -name VIRTUAL_PIN ON -to OS1
set_instance_assignment -name VIRTUAL_PIN ON -to OS2
set_instance_assignment -name VIRTUAL_PIN ON -to OS3
set_instance_assignment -name VIRTUAL_PIN ON -to PixelClkVCO
set_instance_assignment -name VIRTUAL_PIN ON -to PwrOnRet
set_instance_assignment -name VIRTUAL_PIN ON -to RScopeClk0_p_
set_instance_assignment -name VIRTUAL_PIN ON -to RawPixelClk
set_instance_assignment -name VIRTUAL_PIN ON -to RcvData
set_instance_assignment -name VIRTUAL_PIN ON -to SW
set_instance_assignment -name VIRTUAL_PIN ON -to SWb
set_instance_assignment -name VIRTUAL_PIN ON -to SWm
set_instance_assignment -name VIRTUAL_PIN ON -to SecIndx0_p_
set_instance_assignment -name VIRTUAL_PIN ON -to SecIndx1_p_
set_instance_assignment -name VIRTUAL_PIN ON -to SecIndx2_p_
set_instance_assignment -name VIRTUAL_PIN ON -to SecIndx3_p_
set_instance_assignment -name VIRTUAL_PIN ON -to Select0_p_
set_instance_assignment -name VIRTUAL_PIN ON -to Select1_p_
set_instance_assignment -name VIRTUAL_PIN ON -to Select2_p_
set_instance_assignment -name VIRTUAL_PIN ON -to Select3_p_
set_instance_assignment -name VIRTUAL_PIN ON -to Selected0_p_
set_instance_assignment -name VIRTUAL_PIN ON -to Selected1_p_
set_instance_assignment -name VIRTUAL_PIN ON -to Selected2_p_
set_instance_assignment -name VIRTUAL_PIN ON -to Selected3_p_
set_instance_assignment -name VIRTUAL_PIN ON -to Sequence0_p_
set_instance_assignment -name VIRTUAL_PIN ON -to Serial_1
set_instance_assignment -name VIRTUAL_PIN ON -to Serial_10
set_instance_assignment -name VIRTUAL_PIN ON -to Serial_100
set_instance_assignment -name VIRTUAL_PIN ON -to Serial_2
set_instance_assignment -name VIRTUAL_PIN ON -to Serial_20
set_instance_assignment -name VIRTUAL_PIN ON -to Serial_200
set_instance_assignment -name VIRTUAL_PIN ON -to Serial_4
set_instance_assignment -name VIRTUAL_PIN ON -to Serial_40
set_instance_assignment -name VIRTUAL_PIN ON -to ShiftEcOut
set_instance_assignment -name VIRTUAL_PIN ON -to ShiftSinE
set_instance_assignment -name VIRTUAL_PIN ON -to ShiftSinO
set_instance_assignment -name VIRTUAL_PIN ON -to ShiftSoutE
set_instance_assignment -name VIRTUAL_PIN ON -to ShiftSoutO
set_instance_assignment -name VIRTUAL_PIN ON -to SimHoldDis
set_instance_assignment -name VIRTUAL_PIN ON -to Sin_00
set_instance_assignment -name VIRTUAL_PIN ON -to Sin_01
set_instance_assignment -name VIRTUAL_PIN ON -to Sin_02
set_instance_assignment -name VIRTUAL_PIN ON -to Sin_03
set_instance_assignment -name VIRTUAL_PIN ON -to Sin_04
set_instance_assignment -name VIRTUAL_PIN ON -to Sin_05
set_instance_assignment -name VIRTUAL_PIN ON -to Sin_06
set_instance_assignment -name VIRTUAL_PIN ON -to Sin_07
set_instance_assignment -name VIRTUAL_PIN ON -to Sin_08
set_instance_assignment -name VIRTUAL_PIN ON -to Sin_09
set_instance_assignment -name VIRTUAL_PIN ON -to Sin_10
set_instance_assignment -name VIRTUAL_PIN ON -to Sin_11
set_instance_assignment -name VIRTUAL_PIN ON -to Sin_12
set_instance_assignment -name VIRTUAL_PIN ON -to Sin_13
set_instance_assignment -name VIRTUAL_PIN ON -to Sin_14
set_instance_assignment -name VIRTUAL_PIN ON -to Sin_15
set_instance_assignment -name VIRTUAL_PIN ON -to SkipWait_p_
set_instance_assignment -name VIRTUAL_PIN ON -to Sout_00
set_instance_assignment -name VIRTUAL_PIN ON -to Sout_01
set_instance_assignment -name VIRTUAL_PIN ON -to Sout_02
set_instance_assignment -name VIRTUAL_PIN ON -to Sout_03
set_instance_assignment -name VIRTUAL_PIN ON -to Sout_04
set_instance_assignment -name VIRTUAL_PIN ON -to Sout_05
set_instance_assignment -name VIRTUAL_PIN ON -to Sout_06
set_instance_assignment -name VIRTUAL_PIN ON -to Sout_07
set_instance_assignment -name VIRTUAL_PIN ON -to Sout_08
set_instance_assignment -name VIRTUAL_PIN ON -to Sout_09
set_instance_assignment -name VIRTUAL_PIN ON -to Sout_10
set_instance_assignment -name VIRTUAL_PIN ON -to Sout_11
set_instance_assignment -name VIRTUAL_PIN ON -to Sout_12
set_instance_assignment -name VIRTUAL_PIN ON -to Sout_13
set_instance_assignment -name VIRTUAL_PIN ON -to Sout_14
set_instance_assignment -name VIRTUAL_PIN ON -to Sout_15
set_instance_assignment -name VIRTUAL_PIN ON -to StartClockPulse
set_instance_assignment -name VIRTUAL_PIN ON -to SubTask_1
set_instance_assignment -name VIRTUAL_PIN ON -to TTLIOReset_p_
set_instance_assignment -name VIRTUAL_PIN ON -to TWReq_01
set_instance_assignment -name VIRTUAL_PIN ON -to TWReq_02
set_instance_assignment -name VIRTUAL_PIN ON -to TWReq_04
set_instance_assignment -name VIRTUAL_PIN ON -to TWReq_05
set_instance_assignment -name VIRTUAL_PIN ON -to TWReq_08
set_instance_assignment -name VIRTUAL_PIN ON -to TWReq_09
set_instance_assignment -name VIRTUAL_PIN ON -to TWReq_10
set_instance_assignment -name VIRTUAL_PIN ON -to TWReq_13
set_instance_assignment -name VIRTUAL_PIN ON -to TWReq_14
set_instance_assignment -name VIRTUAL_PIN ON -to TagBus_0_p_
set_instance_assignment -name VIRTUAL_PIN ON -to TagBus_00_p_
set_instance_assignment -name VIRTUAL_PIN ON -to TagBus_000_p_
set_instance_assignment -name VIRTUAL_PIN ON -to TagBus_1_p_
set_instance_assignment -name VIRTUAL_PIN ON -to TagBus_2_p_
set_instance_assignment -name VIRTUAL_PIN ON -to TagBus_3_p_
set_instance_assignment -name VIRTUAL_PIN ON -to TagBus_4_p_
set_instance_assignment -name VIRTUAL_PIN ON -to TagBus_5_p_
set_instance_assignment -name VIRTUAL_PIN ON -to TagBus_6_p_
set_instance_assignment -name VIRTUAL_PIN ON -to TagBus_7_p_
set_instance_assignment -name VIRTUAL_PIN ON -to TagBus_8_p_
set_instance_assignment -name VIRTUAL_PIN ON -to TagBus_9_p_
set_instance_assignment -name VIRTUAL_PIN ON -to TermIsLF
set_instance_assignment -name VIRTUAL_PIN ON -to TestTW
set_instance_assignment -name VIRTUAL_PIN ON -to TtlDeviceCk_p_
set_instance_assignment -name VIRTUAL_PIN ON -to TtlEndOfCyl_p_
set_instance_assignment -name VIRTUAL_PIN ON -to TtlIndex_p_
set_instance_assignment -name VIRTUAL_PIN ON -to TtlOffSet_p_
set_instance_assignment -name VIRTUAL_PIN ON -to TtlOnLine_p_
set_instance_assignment -name VIRTUAL_PIN ON -to TtlReadOnly_p_
set_instance_assignment -name VIRTUAL_PIN ON -to TtlReady_p_
set_instance_assignment -name VIRTUAL_PIN ON -to TtlSector_p_
set_instance_assignment -name VIRTUAL_PIN ON -to TtlSeekInc_p_
set_instance_assignment -name VIRTUAL_PIN ON -to TtlTerm_p_
set_instance_assignment -name VIRTUAL_PIN ON -to TurnOff2v
set_instance_assignment -name VIRTUAL_PIN ON -to TurnOnDisk_p_
set_instance_assignment -name VIRTUAL_PIN ON -to TurnOnLED_p_
set_instance_assignment -name VIRTUAL_PIN ON -to TurnOnPwr_p_
set_instance_assignment -name VIRTUAL_PIN ON -to VBlank
set_instance_assignment -name VIRTUAL_PIN ON -to VSync
set_instance_assignment -name VIRTUAL_PIN ON -to XHsync
set_instance_assignment -name VIRTUAL_PIN ON -to XSyncEn_p_
set_instance_assignment -name VIRTUAL_PIN ON -to dStartClockPulse

# 385 virtual pins, 1 real (386 ports total)

set_global_assignment -name LAST_QUARTUS_VERSION "17.0.2 Lite Edition"